
Microsoft Visual Studio Solution File, Format Version 12.00
# Visual Studio Version 17
VisualStudioVersion = 17.5.33627.172
MinimumVisualStudioVersion = 10.0.40219.1
Project("{FAE04EC0-301F-11D3-BF4B-00C04F79EFBC}") = "OcrFromScreenShot", "OcrFromScreenShot.csproj", "{56E88D8A-B40A-48F6-9BC0-537109AB70E8}"
EndProject
Global
	GlobalSection(SolutionConfigurationPlatforms) = preSolution
		Debug|Any CPU = Debug|Any CPU
		Release|Any CPU = Release|Any CPU
	EndGlobalSection
	GlobalSection(ProjectConfigurationPlatforms) = postSolution
		{56E88D8A-B40A-48F6-9BC0-537109AB70E8}.Debug|Any CPU.ActiveCfg = Debug|Any CPU
		{56E88D8A-B40A-48F6-9BC0-537109AB70E8}.Debug|Any CPU.Build.0 = Debug|Any CPU
		{56E88D8A-B40A-48F6-9BC0-537109AB70E8}.Release|Any CPU.ActiveCfg = Release|Any CPU
		{56E88D8A-B40A-48F6-9BC0-537109AB70E8}.Release|Any CPU.Build.0 = Release|Any CPU
	EndGlobalSection
	GlobalSection(SolutionProperties) = preSolution
		HideSolutionNode = FALSE
	EndGlobalSection
	GlobalSection(ExtensibilityGlobals) = postSolution
		SolutionGuid = {1E0139B9-4CA3-4C82-9576-2BCA2A964710}
	EndGlobalSection
EndGlobal
